// !$*UTF8*$!
{
	archiveVersion = 1;
	classes = {
	};
	objectVersion = 56;
	objects = {

/* Begin PBXBuildFile section */
		1B42D4232A9E767300763016 /* AccountsDataService.swift in Sources */ = {isa = PBXBuildFile; fileRef = 1B42D4222A9E767300763016 /* AccountsDataService.swift */; };
		1B42D4252A9E78A200763016 /* FileManagerTestView.swift in Sources */ = {isa = PBXBuildFile; fileRef = 1B42D4242A9E78A200763016 /* FileManagerTestView.swift */; };
		1B42D4272A9ED87B00763016 /* TOTPGeneratorDataService.swift in Sources */ = {isa = PBXBuildFile; fileRef = 1B42D4262A9ED87B00763016 /* TOTPGeneratorDataService.swift */; };
		1B42D4292A9FBE5700763016 /* PasswordGeneratorDataService.swift in Sources */ = {isa = PBXBuildFile; fileRef = 1B42D4282A9FBE5700763016 /* PasswordGeneratorDataService.swift */; };
		1B47EB942ABCF70200739463 /* RawTextFieldInputStyle.swift in Sources */ = {isa = PBXBuildFile; fileRef = 1B47EB932ABCF70200739463 /* RawTextFieldInputStyle.swift */; };
		1B47EB962ABCFA1A00739463 /* ListItemImageStyle.swift in Sources */ = {isa = PBXBuildFile; fileRef = 1B47EB952ABCFA1A00739463 /* ListItemImageStyle.swift */; };
		1B47EB982ABDD75600739463 /* ListItemTextFieldStyle.swift in Sources */ = {isa = PBXBuildFile; fileRef = 1B47EB972ABDD75600739463 /* ListItemTextFieldStyle.swift */; };
		1B47EB9A2ABDD92800739463 /* SignUpReturningView.swift in Sources */ = {isa = PBXBuildFile; fileRef = 1B47EB992ABDD92800739463 /* SignUpReturningView.swift */; };
		1B523DCF2AAD381F002F94EA /* SignUpView.swift in Sources */ = {isa = PBXBuildFile; fileRef = 1B523DCE2AAD381F002F94EA /* SignUpView.swift */; };
		1B523DD12AAD384B002F94EA /* AuthenticationView.swift in Sources */ = {isa = PBXBuildFile; fileRef = 1B523DD02AAD384B002F94EA /* AuthenticationView.swift */; };
		1B523DD32AAD39D9002F94EA /* AuthenticationViewModel.swift in Sources */ = {isa = PBXBuildFile; fileRef = 1B523DD22AAD39D9002F94EA /* AuthenticationViewModel.swift */; };
		1B523DD52AAE8E77002F94EA /* FaviconModel.swift in Sources */ = {isa = PBXBuildFile; fileRef = 1B523DD42AAE8E77002F94EA /* FaviconModel.swift */; };
		1B523DD72AAE9D17002F94EA /* FaviconImageView.swift in Sources */ = {isa = PBXBuildFile; fileRef = 1B523DD62AAE9D17002F94EA /* FaviconImageView.swift */; };
		1B5543432A99252300F0B703 /* PrivacyOverlayView.swift in Sources */ = {isa = PBXBuildFile; fileRef = 1B5543422A99252300F0B703 /* PrivacyOverlayView.swift */; };
		1B58B9D22AA800ED0095A62E /* CryptoDataService.swift in Sources */ = {isa = PBXBuildFile; fileRef = 1B58B9D12AA800ED0095A62E /* CryptoDataService.swift */; };
		1B590E912A95888300FFFEE6 /* AddAccountView.swift in Sources */ = {isa = PBXBuildFile; fileRef = 1B590E902A95888300FFFEE6 /* AddAccountView.swift */; };
		1B5E9C982A9827C000C439CB /* CopyPopupOverlayView.swift in Sources */ = {isa = PBXBuildFile; fileRef = 1B5E9C972A9827C000C439CB /* CopyPopupOverlayView.swift */; };
		1B65F27A2AA245A100EC2AE8 /* NoteModel.swift in Sources */ = {isa = PBXBuildFile; fileRef = 1B65F2792AA245A100EC2AE8 /* NoteModel.swift */; };
		1B65F27C2AA2472C00EC2AE8 /* NotesViewModel.swift in Sources */ = {isa = PBXBuildFile; fileRef = 1B65F27B2AA2472C00EC2AE8 /* NotesViewModel.swift */; };
		1B65F2842AA2527A00EC2AE8 /* NotesView.swift in Sources */ = {isa = PBXBuildFile; fileRef = 1B65F2832AA2527A00EC2AE8 /* NotesView.swift */; };
		1B65F2862AA2528600EC2AE8 /* AddNoteView.swift in Sources */ = {isa = PBXBuildFile; fileRef = 1B65F2852AA2528600EC2AE8 /* AddNoteView.swift */; };
		1B65F2882AA2529B00EC2AE8 /* NoteListItemView.swift in Sources */ = {isa = PBXBuildFile; fileRef = 1B65F2872AA2529B00EC2AE8 /* NoteListItemView.swift */; };
		1B65F28C2AA25B6F00EC2AE8 /* NoteTestDataService.swift in Sources */ = {isa = PBXBuildFile; fileRef = 1B65F28B2AA25B6F00EC2AE8 /* NoteTestDataService.swift */; };
		1B65F28E2AA25C6600EC2AE8 /* NotesDataService.swift in Sources */ = {isa = PBXBuildFile; fileRef = 1B65F28D2AA25C6600EC2AE8 /* NotesDataService.swift */; };
		1B6A622F2AAFE3D3007655F7 /* FaviconImageViewModel.swift in Sources */ = {isa = PBXBuildFile; fileRef = 1B6A622E2AAFE3D3007655F7 /* FaviconImageViewModel.swift */; };
		1B8A725A2AA7C32300BB9D13 /* SettingsModel.swift in Sources */ = {isa = PBXBuildFile; fileRef = 1B8A72592AA7C32300BB9D13 /* SettingsModel.swift */; };
		1B8A725C2AA7C77000BB9D13 /* AboutView.swift in Sources */ = {isa = PBXBuildFile; fileRef = 1B8A725B2AA7C77000BB9D13 /* AboutView.swift */; };
		1B92619B2AB69DDB00EC445D /* TitleTextStyle.swift in Sources */ = {isa = PBXBuildFile; fileRef = 1B92619A2AB69DDB00EC445D /* TitleTextStyle.swift */; };
		1B92619D2AB69EE300EC445D /* CloseButtonView.swift in Sources */ = {isa = PBXBuildFile; fileRef = 1B92619C2AB69EE300EC445D /* CloseButtonView.swift */; };
		1B92619F2AB69FF400EC445D /* DeleteButtonStyle.swift in Sources */ = {isa = PBXBuildFile; fileRef = 1B92619E2AB69FF400EC445D /* DeleteButtonStyle.swift */; };
		1B9261A12AB6A0F500EC445D /* AccountDetailViewItemStyle.swift in Sources */ = {isa = PBXBuildFile; fileRef = 1B9261A02AB6A0F500EC445D /* AccountDetailViewItemStyle.swift */; };
		1B9261A32AB7CBC100EC445D /* GlobalHelperDataService.swift in Sources */ = {isa = PBXBuildFile; fileRef = 1B9261A22AB7CBC100EC445D /* GlobalHelperDataService.swift */; };
		1B9261A52AB7CDAA00EC445D /* ListItemStyle.swift in Sources */ = {isa = PBXBuildFile; fileRef = 1B9261A42AB7CDAA00EC445D /* ListItemStyle.swift */; };
		1B95602D2AA3D951006F2AA2 /* NoteDetailView.swift in Sources */ = {isa = PBXBuildFile; fileRef = 1B95602C2AA3D951006F2AA2 /* NoteDetailView.swift */; };
		1BA317DF2A96DDBD00368EDB /* LaunchScreen.storyboard in Resources */ = {isa = PBXBuildFile; fileRef = 1BA317DE2A96DDBD00368EDB /* LaunchScreen.storyboard */; };
		1BEC56B72A9D63E3009FE9FA /* MainViewModel.swift in Sources */ = {isa = PBXBuildFile; fileRef = 1BEC56B62A9D63E3009FE9FA /* MainViewModel.swift */; };
		1BEC56B92A9D708E009FE9FA /* PasswordGeneratorView.swift in Sources */ = {isa = PBXBuildFile; fileRef = 1BEC56B82A9D708E009FE9FA /* PasswordGeneratorView.swift */; };
		1BEC56BD2A9E5837009FE9FA /* CopyPopupOverlayViewModel.swift in Sources */ = {isa = PBXBuildFile; fileRef = 1BEC56BC2A9E5837009FE9FA /* CopyPopupOverlayViewModel.swift */; };
		1BEC56BF2A9E5CB8009FE9FA /* PrivacyOverlayViewModel.swift in Sources */ = {isa = PBXBuildFile; fileRef = 1BEC56BE2A9E5CB8009FE9FA /* PrivacyOverlayViewModel.swift */; };
		1BF1A7D62A8E4F7C00663733 /* LocalPassApp.swift in Sources */ = {isa = PBXBuildFile; fileRef = 1BF1A7D52A8E4F7C00663733 /* LocalPassApp.swift */; };
		1BF1A7DA2A8E4F7D00663733 /* Assets.xcassets in Resources */ = {isa = PBXBuildFile; fileRef = 1BF1A7D92A8E4F7D00663733 /* Assets.xcassets */; };
		1BF1A7DD2A8E4F7D00663733 /* Preview Assets.xcassets in Resources */ = {isa = PBXBuildFile; fileRef = 1BF1A7DC2A8E4F7D00663733 /* Preview Assets.xcassets */; };
		1BF1A7E82A8E504000663733 /* AccountsView.swift in Sources */ = {isa = PBXBuildFile; fileRef = 1BF1A7E72A8E504000663733 /* AccountsView.swift */; };
		1BF1A7EA2A8E505300663733 /* AccountListItemView.swift in Sources */ = {isa = PBXBuildFile; fileRef = 1BF1A7E92A8E505300663733 /* AccountListItemView.swift */; };
		1BF1A7EC2A8E508800663733 /* MainView.swift in Sources */ = {isa = PBXBuildFile; fileRef = 1BF1A7EB2A8E508800663733 /* MainView.swift */; };
		1BF1A7EE2A8E509300663733 /* AccountDetailView.swift in Sources */ = {isa = PBXBuildFile; fileRef = 1BF1A7ED2A8E509300663733 /* AccountDetailView.swift */; };
		1BF1A7F22A8E510200663733 /* AccountModel.swift in Sources */ = {isa = PBXBuildFile; fileRef = 1BF1A7F12A8E510200663733 /* AccountModel.swift */; };
		1BF1A7F42A8E511600663733 /* AccountTestDataService.swift in Sources */ = {isa = PBXBuildFile; fileRef = 1BF1A7F32A8E511600663733 /* AccountTestDataService.swift */; };
		1BF1A7F62A8E514700663733 /* AccountsViewModel.swift in Sources */ = {isa = PBXBuildFile; fileRef = 1BF1A7F52A8E514700663733 /* AccountsViewModel.swift */; };
		1BF1A7F82A8E557800663733 /* SettingsView.swift in Sources */ = {isa = PBXBuildFile; fileRef = 1BF1A7F72A8E557800663733 /* SettingsView.swift */; };
		1BF94E482ABA6AC300B51BD6 /* SignUpRootView.swift in Sources */ = {isa = PBXBuildFile; fileRef = 1BF94E472ABA6AC300B51BD6 /* SignUpRootView.swift */; };
/* End PBXBuildFile section */

/* Begin PBXFileReference section */
		1B42D4222A9E767300763016 /* AccountsDataService.swift */ = {isa = PBXFileReference; lastKnownFileType = sourcecode.swift; path = AccountsDataService.swift; sourceTree = "<group>"; };
		1B42D4242A9E78A200763016 /* FileManagerTestView.swift */ = {isa = PBXFileReference; lastKnownFileType = sourcecode.swift; path = FileManagerTestView.swift; sourceTree = "<group>"; };
		1B42D4262A9ED87B00763016 /* TOTPGeneratorDataService.swift */ = {isa = PBXFileReference; lastKnownFileType = sourcecode.swift; path = TOTPGeneratorDataService.swift; sourceTree = "<group>"; };
		1B42D4282A9FBE5700763016 /* PasswordGeneratorDataService.swift */ = {isa = PBXFileReference; lastKnownFileType = sourcecode.swift; path = PasswordGeneratorDataService.swift; sourceTree = "<group>"; };
		1B47EB932ABCF70200739463 /* RawTextFieldInputStyle.swift */ = {isa = PBXFileReference; lastKnownFileType = sourcecode.swift; path = RawTextFieldInputStyle.swift; sourceTree = "<group>"; };
		1B47EB952ABCFA1A00739463 /* ListItemImageStyle.swift */ = {isa = PBXFileReference; lastKnownFileType = sourcecode.swift; path = ListItemImageStyle.swift; sourceTree = "<group>"; };
		1B47EB972ABDD75600739463 /* ListItemTextFieldStyle.swift */ = {isa = PBXFileReference; lastKnownFileType = sourcecode.swift; path = ListItemTextFieldStyle.swift; sourceTree = "<group>"; };
		1B47EB992ABDD92800739463 /* SignUpReturningView.swift */ = {isa = PBXFileReference; lastKnownFileType = sourcecode.swift; path = SignUpReturningView.swift; sourceTree = "<group>"; };
		1B523DCE2AAD381F002F94EA /* SignUpView.swift */ = {isa = PBXFileReference; lastKnownFileType = sourcecode.swift; path = SignUpView.swift; sourceTree = "<group>"; };
		1B523DD02AAD384B002F94EA /* AuthenticationView.swift */ = {isa = PBXFileReference; lastKnownFileType = sourcecode.swift; path = AuthenticationView.swift; sourceTree = "<group>"; };
		1B523DD22AAD39D9002F94EA /* AuthenticationViewModel.swift */ = {isa = PBXFileReference; lastKnownFileType = sourcecode.swift; path = AuthenticationViewModel.swift; sourceTree = "<group>"; };
		1B523DD42AAE8E77002F94EA /* FaviconModel.swift */ = {isa = PBXFileReference; lastKnownFileType = sourcecode.swift; path = FaviconModel.swift; sourceTree = "<group>"; };
		1B523DD62AAE9D17002F94EA /* FaviconImageView.swift */ = {isa = PBXFileReference; lastKnownFileType = sourcecode.swift; path = FaviconImageView.swift; sourceTree = "<group>"; };
		1B5543422A99252300F0B703 /* PrivacyOverlayView.swift */ = {isa = PBXFileReference; lastKnownFileType = sourcecode.swift; path = PrivacyOverlayView.swift; sourceTree = "<group>"; };
		1B58B9D12AA800ED0095A62E /* CryptoDataService.swift */ = {isa = PBXFileReference; lastKnownFileType = sourcecode.swift; path = CryptoDataService.swift; sourceTree = "<group>"; };
		1B590E902A95888300FFFEE6 /* AddAccountView.swift */ = {isa = PBXFileReference; lastKnownFileType = sourcecode.swift; path = AddAccountView.swift; sourceTree = "<group>"; };
		1B5E9C972A9827C000C439CB /* CopyPopupOverlayView.swift */ = {isa = PBXFileReference; lastKnownFileType = sourcecode.swift; path = CopyPopupOverlayView.swift; sourceTree = "<group>"; };
		1B65F2792AA245A100EC2AE8 /* NoteModel.swift */ = {isa = PBXFileReference; lastKnownFileType = sourcecode.swift; path = NoteModel.swift; sourceTree = "<group>"; };
		1B65F27B2AA2472C00EC2AE8 /* NotesViewModel.swift */ = {isa = PBXFileReference; lastKnownFileType = sourcecode.swift; path = NotesViewModel.swift; sourceTree = "<group>"; };
		1B65F2832AA2527A00EC2AE8 /* NotesView.swift */ = {isa = PBXFileReference; lastKnownFileType = sourcecode.swift; path = NotesView.swift; sourceTree = "<group>"; };
		1B65F2852AA2528600EC2AE8 /* AddNoteView.swift */ = {isa = PBXFileReference; lastKnownFileType = sourcecode.swift; path = AddNoteView.swift; sourceTree = "<group>"; };
		1B65F2872AA2529B00EC2AE8 /* NoteListItemView.swift */ = {isa = PBXFileReference; lastKnownFileType = sourcecode.swift; path = NoteListItemView.swift; sourceTree = "<group>"; };
		1B65F28B2AA25B6F00EC2AE8 /* NoteTestDataService.swift */ = {isa = PBXFileReference; lastKnownFileType = sourcecode.swift; path = NoteTestDataService.swift; sourceTree = "<group>"; };
		1B65F28D2AA25C6600EC2AE8 /* NotesDataService.swift */ = {isa = PBXFileReference; lastKnownFileType = sourcecode.swift; path = NotesDataService.swift; sourceTree = "<group>"; };
		1B6A622E2AAFE3D3007655F7 /* FaviconImageViewModel.swift */ = {isa = PBXFileReference; lastKnownFileType = sourcecode.swift; path = FaviconImageViewModel.swift; sourceTree = "<group>"; };
		1B8A72592AA7C32300BB9D13 /* SettingsModel.swift */ = {isa = PBXFileReference; lastKnownFileType = sourcecode.swift; path = SettingsModel.swift; sourceTree = "<group>"; };
		1B8A725B2AA7C77000BB9D13 /* AboutView.swift */ = {isa = PBXFileReference; lastKnownFileType = sourcecode.swift; path = AboutView.swift; sourceTree = "<group>"; };
		1B92619A2AB69DDB00EC445D /* TitleTextStyle.swift */ = {isa = PBXFileReference; lastKnownFileType = sourcecode.swift; path = TitleTextStyle.swift; sourceTree = "<group>"; };
		1B92619C2AB69EE300EC445D /* CloseButtonView.swift */ = {isa = PBXFileReference; lastKnownFileType = sourcecode.swift; path = CloseButtonView.swift; sourceTree = "<group>"; };
		1B92619E2AB69FF400EC445D /* DeleteButtonStyle.swift */ = {isa = PBXFileReference; lastKnownFileType = sourcecode.swift; path = DeleteButtonStyle.swift; sourceTree = "<group>"; };
		1B9261A02AB6A0F500EC445D /* AccountDetailViewItemStyle.swift */ = {isa = PBXFileReference; lastKnownFileType = sourcecode.swift; path = AccountDetailViewItemStyle.swift; sourceTree = "<group>"; };
		1B9261A22AB7CBC100EC445D /* GlobalHelperDataService.swift */ = {isa = PBXFileReference; lastKnownFileType = sourcecode.swift; path = GlobalHelperDataService.swift; sourceTree = "<group>"; };
		1B9261A42AB7CDAA00EC445D /* ListItemStyle.swift */ = {isa = PBXFileReference; lastKnownFileType = sourcecode.swift; path = ListItemStyle.swift; sourceTree = "<group>"; };
		1B95602C2AA3D951006F2AA2 /* NoteDetailView.swift */ = {isa = PBXFileReference; fileEncoding = 4; lastKnownFileType = sourcecode.swift; path = NoteDetailView.swift; sourceTree = "<group>"; };
		1BA317DE2A96DDBD00368EDB /* LaunchScreen.storyboard */ = {isa = PBXFileReference; lastKnownFileType = file.storyboard; path = LaunchScreen.storyboard; sourceTree = "<group>"; };
		1BCA01772AA7B42500CB5889 /* LocalPass.entitlements */ = {isa = PBXFileReference; lastKnownFileType = text.plist.entitlements; path = LocalPass.entitlements; sourceTree = "<group>"; };
		1BCA017C2AA7BC8D00CB5889 /* Info.plist */ = {isa = PBXFileReference; lastKnownFileType = text.plist.xml; path = Info.plist; sourceTree = "<group>"; };
		1BEC56B62A9D63E3009FE9FA /* MainViewModel.swift */ = {isa = PBXFileReference; lastKnownFileType = sourcecode.swift; path = MainViewModel.swift; sourceTree = "<group>"; };
		1BEC56B82A9D708E009FE9FA /* PasswordGeneratorView.swift */ = {isa = PBXFileReference; lastKnownFileType = sourcecode.swift; path = PasswordGeneratorView.swift; sourceTree = "<group>"; };
		1BEC56BC2A9E5837009FE9FA /* CopyPopupOverlayViewModel.swift */ = {isa = PBXFileReference; lastKnownFileType = sourcecode.swift; path = CopyPopupOverlayViewModel.swift; sourceTree = "<group>"; };
		1BEC56BE2A9E5CB8009FE9FA /* PrivacyOverlayViewModel.swift */ = {isa = PBXFileReference; lastKnownFileType = sourcecode.swift; path = PrivacyOverlayViewModel.swift; sourceTree = "<group>"; };
		1BF1A7D22A8E4F7C00663733 /* LocalPass.app */ = {isa = PBXFileReference; explicitFileType = wrapper.application; includeInIndex = 0; path = LocalPass.app; sourceTree = BUILT_PRODUCTS_DIR; };
		1BF1A7D52A8E4F7C00663733 /* LocalPassApp.swift */ = {isa = PBXFileReference; lastKnownFileType = sourcecode.swift; path = LocalPassApp.swift; sourceTree = "<group>"; };
		1BF1A7D92A8E4F7D00663733 /* Assets.xcassets */ = {isa = PBXFileReference; lastKnownFileType = folder.assetcatalog; path = Assets.xcassets; sourceTree = "<group>"; };
		1BF1A7DC2A8E4F7D00663733 /* Preview Assets.xcassets */ = {isa = PBXFileReference; lastKnownFileType = folder.assetcatalog; path = "Preview Assets.xcassets"; sourceTree = "<group>"; };
		1BF1A7E72A8E504000663733 /* AccountsView.swift */ = {isa = PBXFileReference; lastKnownFileType = sourcecode.swift; path = AccountsView.swift; sourceTree = "<group>"; };
		1BF1A7E92A8E505300663733 /* AccountListItemView.swift */ = {isa = PBXFileReference; lastKnownFileType = sourcecode.swift; path = AccountListItemView.swift; sourceTree = "<group>"; };
		1BF1A7EB2A8E508800663733 /* MainView.swift */ = {isa = PBXFileReference; lastKnownFileType = sourcecode.swift; path = MainView.swift; sourceTree = "<group>"; };
		1BF1A7ED2A8E509300663733 /* AccountDetailView.swift */ = {isa = PBXFileReference; lastKnownFileType = sourcecode.swift; path = AccountDetailView.swift; sourceTree = "<group>"; };
		1BF1A7F12A8E510200663733 /* AccountModel.swift */ = {isa = PBXFileReference; lastKnownFileType = sourcecode.swift; path = AccountModel.swift; sourceTree = "<group>"; };
		1BF1A7F32A8E511600663733 /* AccountTestDataService.swift */ = {isa = PBXFileReference; lastKnownFileType = sourcecode.swift; path = AccountTestDataService.swift; sourceTree = "<group>"; };
		1BF1A7F52A8E514700663733 /* AccountsViewModel.swift */ = {isa = PBXFileReference; lastKnownFileType = sourcecode.swift; path = AccountsViewModel.swift; sourceTree = "<group>"; };
		1BF1A7F72A8E557800663733 /* SettingsView.swift */ = {isa = PBXFileReference; lastKnownFileType = sourcecode.swift; path = SettingsView.swift; sourceTree = "<group>"; };
		1BF94E472ABA6AC300B51BD6 /* SignUpRootView.swift */ = {isa = PBXFileReference; lastKnownFileType = sourcecode.swift; path = SignUpRootView.swift; sourceTree = "<group>"; };
/* End PBXFileReference section */

/* Begin PBXFrameworksBuildPhase section */
		1BF1A7CF2A8E4F7C00663733 /* Frameworks */ = {
			isa = PBXFrameworksBuildPhase;
			buildActionMask = 2147483647;
			files = (
			);
			runOnlyForDeploymentPostprocessing = 0;
		};
/* End PBXFrameworksBuildPhase section */

/* Begin PBXGroup section */
		1B523DCD2AAD37E3002F94EA /* SignUp */ = {
			isa = PBXGroup;
			children = (
				1B523DCE2AAD381F002F94EA /* SignUpView.swift */,
				1BF94E472ABA6AC300B51BD6 /* SignUpRootView.swift */,
				1B47EB992ABDD92800739463 /* SignUpReturningView.swift */,
			);
			path = SignUp;
			sourceTree = "<group>";
		};
		1B65F27D2AA250BC00EC2AE8 /* Accounts */ = {
			isa = PBXGroup;
			children = (
				1BF1A7E72A8E504000663733 /* AccountsView.swift */,
				1B590E902A95888300FFFEE6 /* AddAccountView.swift */,
				1BF1A7E92A8E505300663733 /* AccountListItemView.swift */,
				1BF1A7ED2A8E509300663733 /* AccountDetailView.swift */,
				1BEC56B82A9D708E009FE9FA /* PasswordGeneratorView.swift */,
			);
			path = Accounts;
			sourceTree = "<group>";
		};
		1B65F27E2AA250C700EC2AE8 /* Notes */ = {
			isa = PBXGroup;
			children = (
				1B95602C2AA3D951006F2AA2 /* NoteDetailView.swift */,
				1B65F2832AA2527A00EC2AE8 /* NotesView.swift */,
				1B65F2852AA2528600EC2AE8 /* AddNoteView.swift */,
				1B65F2872AA2529B00EC2AE8 /* NoteListItemView.swift */,
			);
			path = Notes;
			sourceTree = "<group>";
		};
		1B65F27F2AA2510E00EC2AE8 /* Global */ = {
			isa = PBXGroup;
			children = (
				1BA317DE2A96DDBD00368EDB /* LaunchScreen.storyboard */,
				1B5E9C972A9827C000C439CB /* CopyPopupOverlayView.swift */,
				1B5543422A99252300F0B703 /* PrivacyOverlayView.swift */,
				1B523DD02AAD384B002F94EA /* AuthenticationView.swift */,
				1B523DD62AAE9D17002F94EA /* FaviconImageView.swift */,
				1B92619C2AB69EE300EC445D /* CloseButtonView.swift */,
			);
			path = Global;
			sourceTree = "<group>";
		};
		1B65F2802AA2512600EC2AE8 /* Main */ = {
			isa = PBXGroup;
			children = (
				1BF1A7EB2A8E508800663733 /* MainView.swift */,
			);
			path = Main;
			sourceTree = "<group>";
		};
		1B65F2812AA2514B00EC2AE8 /* Settings */ = {
			isa = PBXGroup;
			children = (
				1BF1A7F72A8E557800663733 /* SettingsView.swift */,
				1B8A725B2AA7C77000BB9D13 /* AboutView.swift */,
			);
			path = Settings;
			sourceTree = "<group>";
		};
		1B65F2822AA2518200EC2AE8 /* Tests */ = {
			isa = PBXGroup;
			children = (
				1B42D4242A9E78A200763016 /* FileManagerTestView.swift */,
			);
			path = Tests;
			sourceTree = "<group>";
		};
		1B9261992AB69D7C00EC445D /* Styles */ = {
			isa = PBXGroup;
			children = (
				1B92619A2AB69DDB00EC445D /* TitleTextStyle.swift */,
				1B92619E2AB69FF400EC445D /* DeleteButtonStyle.swift */,
				1B9261A02AB6A0F500EC445D /* AccountDetailViewItemStyle.swift */,
				1B9261A42AB7CDAA00EC445D /* ListItemStyle.swift */,
				1B47EB932ABCF70200739463 /* RawTextFieldInputStyle.swift */,
				1B47EB952ABCFA1A00739463 /* ListItemImageStyle.swift */,
				1B47EB972ABDD75600739463 /* ListItemTextFieldStyle.swift */,
			);
			path = Styles;
			sourceTree = "<group>";
		};
		1BF1A7C92A8E4F7C00663733 = {
			isa = PBXGroup;
			children = (
				1BF1A7D42A8E4F7C00663733 /* LocalPass */,
				1BF1A7D32A8E4F7C00663733 /* Products */,
			);
			sourceTree = "<group>";
		};
		1BF1A7D32A8E4F7C00663733 /* Products */ = {
			isa = PBXGroup;
			children = (
				1BF1A7D22A8E4F7C00663733 /* LocalPass.app */,
			);
			name = Products;
			sourceTree = "<group>";
		};
		1BF1A7D42A8E4F7C00663733 /* LocalPass */ = {
			isa = PBXGroup;
			children = (
				1BCA017C2AA7BC8D00CB5889 /* Info.plist */,
				1BCA01772AA7B42500CB5889 /* LocalPass.entitlements */,
				1BF1A7E62A8E4FEC00663733 /* DataServices */,
				1BF1A7E32A8E4FCA00663733 /* Models */,
				1BF1A7E42A8E4FD300663733 /* Views */,
				1BF1A7E52A8E4FD900663733 /* ViewModels */,
				1B9261992AB69D7C00EC445D /* Styles */,
				1BF1A7D52A8E4F7C00663733 /* LocalPassApp.swift */,
				1BF1A7D92A8E4F7D00663733 /* Assets.xcassets */,
				1BF1A7DB2A8E4F7D00663733 /* Preview Content */,
			);
			path = LocalPass;
			sourceTree = "<group>";
		};
		1BF1A7DB2A8E4F7D00663733 /* Preview Content */ = {
			isa = PBXGroup;
			children = (
				1BF1A7DC2A8E4F7D00663733 /* Preview Assets.xcassets */,
			);
			path = "Preview Content";
			sourceTree = "<group>";
		};
		1BF1A7E32A8E4FCA00663733 /* Models */ = {
			isa = PBXGroup;
			children = (
				1BF1A7F12A8E510200663733 /* AccountModel.swift */,
				1B65F2792AA245A100EC2AE8 /* NoteModel.swift */,
				1B8A72592AA7C32300BB9D13 /* SettingsModel.swift */,
				1B523DD42AAE8E77002F94EA /* FaviconModel.swift */,
			);
			path = Models;
			sourceTree = "<group>";
		};
		1BF1A7E42A8E4FD300663733 /* Views */ = {
			isa = PBXGroup;
			children = (
				1B65F27F2AA2510E00EC2AE8 /* Global */,
				1B523DCD2AAD37E3002F94EA /* SignUp */,
				1B65F2802AA2512600EC2AE8 /* Main */,
				1B65F27D2AA250BC00EC2AE8 /* Accounts */,
				1B65F27E2AA250C700EC2AE8 /* Notes */,
				1B65F2812AA2514B00EC2AE8 /* Settings */,
				1B65F2822AA2518200EC2AE8 /* Tests */,
			);
			path = Views;
			sourceTree = "<group>";
		};
		1BF1A7E52A8E4FD900663733 /* ViewModels */ = {
			isa = PBXGroup;
			children = (
				1BF1A7F52A8E514700663733 /* AccountsViewModel.swift */,
				1BEC56B62A9D63E3009FE9FA /* MainViewModel.swift */,
				1BEC56BC2A9E5837009FE9FA /* CopyPopupOverlayViewModel.swift */,
				1BEC56BE2A9E5CB8009FE9FA /* PrivacyOverlayViewModel.swift */,
				1B65F27B2AA2472C00EC2AE8 /* NotesViewModel.swift */,
				1B523DD22AAD39D9002F94EA /* AuthenticationViewModel.swift */,
				1B6A622E2AAFE3D3007655F7 /* FaviconImageViewModel.swift */,
			);
			path = ViewModels;
			sourceTree = "<group>";
		};
		1BF1A7E62A8E4FEC00663733 /* DataServices */ = {
			isa = PBXGroup;
			children = (
				1BF1A7F32A8E511600663733 /* AccountTestDataService.swift */,
				1B42D4222A9E767300763016 /* AccountsDataService.swift */,
				1B42D4262A9ED87B00763016 /* TOTPGeneratorDataService.swift */,
				1B42D4282A9FBE5700763016 /* PasswordGeneratorDataService.swift */,
				1B65F28B2AA25B6F00EC2AE8 /* NoteTestDataService.swift */,
				1B65F28D2AA25C6600EC2AE8 /* NotesDataService.swift */,
				1B58B9D12AA800ED0095A62E /* CryptoDataService.swift */,
				1B9261A22AB7CBC100EC445D /* GlobalHelperDataService.swift */,
			);
			path = DataServices;
			sourceTree = "<group>";
		};
/* End PBXGroup section */

/* Begin PBXNativeTarget section */
		1BF1A7D12A8E4F7C00663733 /* LocalPass */ = {
			isa = PBXNativeTarget;
			buildConfigurationList = 1BF1A7E02A8E4F7D00663733 /* Build configuration list for PBXNativeTarget "LocalPass" */;
			buildPhases = (
				1BF1A7CE2A8E4F7C00663733 /* Sources */,
				1BF1A7CF2A8E4F7C00663733 /* Frameworks */,
				1BF1A7D02A8E4F7C00663733 /* Resources */,
			);
			buildRules = (
			);
			dependencies = (
			);
			name = LocalPass;
			productName = LocalPass;
			productReference = 1BF1A7D22A8E4F7C00663733 /* LocalPass.app */;
			productType = "com.apple.product-type.application";
		};
/* End PBXNativeTarget section */

/* Begin PBXProject section */
		1BF1A7CA2A8E4F7C00663733 /* Project object */ = {
			isa = PBXProject;
			attributes = {
				BuildIndependentTargetsInParallel = 1;
				LastSwiftUpdateCheck = 1430;
				LastUpgradeCheck = 1430;
				TargetAttributes = {
					1BF1A7D12A8E4F7C00663733 = {
						CreatedOnToolsVersion = 14.3.1;
					};
				};
			};
			buildConfigurationList = 1BF1A7CD2A8E4F7C00663733 /* Build configuration list for PBXProject "LocalPass" */;
			compatibilityVersion = "Xcode 14.0";
			developmentRegion = en;
			hasScannedForEncodings = 0;
			knownRegions = (
				en,
				Base,
			);
			mainGroup = 1BF1A7C92A8E4F7C00663733;
			productRefGroup = 1BF1A7D32A8E4F7C00663733 /* Products */;
			projectDirPath = "";
			projectRoot = "";
			targets = (
				1BF1A7D12A8E4F7C00663733 /* LocalPass */,
			);
		};
/* End PBXProject section */

/* Begin PBXResourcesBuildPhase section */
		1BF1A7D02A8E4F7C00663733 /* Resources */ = {
			isa = PBXResourcesBuildPhase;
			buildActionMask = 2147483647;
			files = (
				1BA317DF2A96DDBD00368EDB /* LaunchScreen.storyboard in Resources */,
				1BF1A7DD2A8E4F7D00663733 /* Preview Assets.xcassets in Resources */,
				1BF1A7DA2A8E4F7D00663733 /* Assets.xcassets in Resources */,
			);
			runOnlyForDeploymentPostprocessing = 0;
		};
/* End PBXResourcesBuildPhase section */

/* Begin PBXSourcesBuildPhase section */
		1BF1A7CE2A8E4F7C00663733 /* Sources */ = {
			isa = PBXSourcesBuildPhase;
			buildActionMask = 2147483647;
			files = (
				1BF1A7EC2A8E508800663733 /* MainView.swift in Sources */,
				1BF1A7F22A8E510200663733 /* AccountModel.swift in Sources */,
				1B92619F2AB69FF400EC445D /* DeleteButtonStyle.swift in Sources */,
				1BF1A7D62A8E4F7C00663733 /* LocalPassApp.swift in Sources */,
				1B65F2882AA2529B00EC2AE8 /* NoteListItemView.swift in Sources */,
				1B8A725C2AA7C77000BB9D13 /* AboutView.swift in Sources */,
				1B47EB962ABCFA1A00739463 /* ListItemImageStyle.swift in Sources */,
				1BF1A7F62A8E514700663733 /* AccountsViewModel.swift in Sources */,
				1B5E9C982A9827C000C439CB /* CopyPopupOverlayView.swift in Sources */,
				1B42D4272A9ED87B00763016 /* TOTPGeneratorDataService.swift in Sources */,
				1B65F2862AA2528600EC2AE8 /* AddNoteView.swift in Sources */,
				1B65F2842AA2527A00EC2AE8 /* NotesView.swift in Sources */,
				1B47EB942ABCF70200739463 /* RawTextFieldInputStyle.swift in Sources */,
				1BEC56B72A9D63E3009FE9FA /* MainViewModel.swift in Sources */,
				1B523DD52AAE8E77002F94EA /* FaviconModel.swift in Sources */,
				1BEC56BD2A9E5837009FE9FA /* CopyPopupOverlayViewModel.swift in Sources */,
				1BF1A7F82A8E557800663733 /* SettingsView.swift in Sources */,
				1B5543432A99252300F0B703 /* PrivacyOverlayView.swift in Sources */,
				1B65F27A2AA245A100EC2AE8 /* NoteModel.swift in Sources */,
				1B47EB9A2ABDD92800739463 /* SignUpReturningView.swift in Sources */,
				1B523DD32AAD39D9002F94EA /* AuthenticationViewModel.swift in Sources */,
				1B9261A12AB6A0F500EC445D /* AccountDetailViewItemStyle.swift in Sources */,
				1BEC56BF2A9E5CB8009FE9FA /* PrivacyOverlayViewModel.swift in Sources */,
				1BF1A7EE2A8E509300663733 /* AccountDetailView.swift in Sources */,
				1BF1A7E82A8E504000663733 /* AccountsView.swift in Sources */,
				1B65F27C2AA2472C00EC2AE8 /* NotesViewModel.swift in Sources */,
				1B65F28C2AA25B6F00EC2AE8 /* NoteTestDataService.swift in Sources */,
				1BF1A7EA2A8E505300663733 /* AccountListItemView.swift in Sources */,
				1B92619D2AB69EE300EC445D /* CloseButtonView.swift in Sources */,
				1BF1A7F42A8E511600663733 /* AccountTestDataService.swift in Sources */,
				1B42D4232A9E767300763016 /* AccountsDataService.swift in Sources */,
				1BF94E482ABA6AC300B51BD6 /* SignUpRootView.swift in Sources */,
				1B590E912A95888300FFFEE6 /* AddAccountView.swift in Sources */,
				1B523DD72AAE9D17002F94EA /* FaviconImageView.swift in Sources */,
				1B58B9D22AA800ED0095A62E /* CryptoDataService.swift in Sources */,
				1B6A622F2AAFE3D3007655F7 /* FaviconImageViewModel.swift in Sources */,
				1B9261A52AB7CDAA00EC445D /* ListItemStyle.swift in Sources */,
				1B42D4252A9E78A200763016 /* FileManagerTestView.swift in Sources */,
				1B65F28E2AA25C6600EC2AE8 /* NotesDataService.swift in Sources */,
				1B523DCF2AAD381F002F94EA /* SignUpView.swift in Sources */,
				1B8A725A2AA7C32300BB9D13 /* SettingsModel.swift in Sources */,
				1B9261A32AB7CBC100EC445D /* GlobalHelperDataService.swift in Sources */,
				1B92619B2AB69DDB00EC445D /* TitleTextStyle.swift in Sources */,
				1B523DD12AAD384B002F94EA /* AuthenticationView.swift in Sources */,
				1B42D4292A9FBE5700763016 /* PasswordGeneratorDataService.swift in Sources */,
				1BEC56B92A9D708E009FE9FA /* PasswordGeneratorView.swift in Sources */,
				1B47EB982ABDD75600739463 /* ListItemTextFieldStyle.swift in Sources */,
				1B95602D2AA3D951006F2AA2 /* NoteDetailView.swift in Sources */,
			);
			runOnlyForDeploymentPostprocessing = 0;
		};
/* End PBXSourcesBuildPhase section */

/* Begin XCBuildConfiguration section */
		1BF1A7DE2A8E4F7D00663733 /* Debug */ = {
			isa = XCBuildConfiguration;
			buildSettings = {
				ALWAYS_SEARCH_USER_PATHS = NO;
				CLANG_ANALYZER_NONNULL = YES;
				CLANG_ANALYZER_NUMBER_OBJECT_CONVERSION = YES_AGGRESSIVE;
				CLANG_CXX_LANGUAGE_STANDARD = "gnu++20";
				CLANG_ENABLE_MODULES = YES;
				CLANG_ENABLE_OBJC_ARC = YES;
				CLANG_ENABLE_OBJC_WEAK = YES;
				CLANG_WARN_BLOCK_CAPTURE_AUTORELEASING = YES;
				CLANG_WARN_BOOL_CONVERSION = YES;
				CLANG_WARN_COMMA = YES;
				CLANG_WARN_CONSTANT_CONVERSION = YES;
				CLANG_WARN_DEPRECATED_OBJC_IMPLEMENTATIONS = YES;
				CLANG_WARN_DIRECT_OBJC_ISA_USAGE = YES_ERROR;
				CLANG_WARN_DOCUMENTATION_COMMENTS = YES;
				CLANG_WARN_EMPTY_BODY = YES;
				CLANG_WARN_ENUM_CONVERSION = YES;
				CLANG_WARN_INFINITE_RECURSION = YES;
				CLANG_WARN_INT_CONVERSION = YES;
				CLANG_WARN_NON_LITERAL_NULL_CONVERSION = YES;
				CLANG_WARN_OBJC_IMPLICIT_RETAIN_SELF = YES;
				CLANG_WARN_OBJC_LITERAL_CONVERSION = YES;
				CLANG_WARN_OBJC_ROOT_CLASS = YES_ERROR;
				CLANG_WARN_QUOTED_INCLUDE_IN_FRAMEWORK_HEADER = YES;
				CLANG_WARN_RANGE_LOOP_ANALYSIS = YES;
				CLANG_WARN_STRICT_PROTOTYPES = YES;
				CLANG_WARN_SUSPICIOUS_MOVE = YES;
				CLANG_WARN_UNGUARDED_AVAILABILITY = YES_AGGRESSIVE;
				CLANG_WARN_UNREACHABLE_CODE = YES;
				CLANG_WARN__DUPLICATE_METHOD_MATCH = YES;
				COPY_PHASE_STRIP = NO;
				DEBUG_INFORMATION_FORMAT = dwarf;
				ENABLE_STRICT_OBJC_MSGSEND = YES;
				ENABLE_TESTABILITY = YES;
				GCC_C_LANGUAGE_STANDARD = gnu11;
				GCC_DYNAMIC_NO_PIC = NO;
				GCC_NO_COMMON_BLOCKS = YES;
				GCC_OPTIMIZATION_LEVEL = 0;
				GCC_PREPROCESSOR_DEFINITIONS = (
					"DEBUG=1",
					"$(inherited)",
				);
				GCC_WARN_64_TO_32_BIT_CONVERSION = YES;
				GCC_WARN_ABOUT_RETURN_TYPE = YES_ERROR;
				GCC_WARN_UNDECLARED_SELECTOR = YES;
				GCC_WARN_UNINITIALIZED_AUTOS = YES_AGGRESSIVE;
				GCC_WARN_UNUSED_FUNCTION = YES;
				GCC_WARN_UNUSED_VARIABLE = YES;
				IPHONEOS_DEPLOYMENT_TARGET = 16.4;
				MTL_ENABLE_DEBUG_INFO = INCLUDE_SOURCE;
				MTL_FAST_MATH = YES;
				ONLY_ACTIVE_ARCH = YES;
				SDKROOT = iphoneos;
				SWIFT_ACTIVE_COMPILATION_CONDITIONS = DEBUG;
				SWIFT_OPTIMIZATION_LEVEL = "-Onone";
			};
			name = Debug;
		};
		1BF1A7DF2A8E4F7D00663733 /* Release */ = {
			isa = XCBuildConfiguration;
			buildSettings = {
				ALWAYS_SEARCH_USER_PATHS = NO;
				CLANG_ANALYZER_NONNULL = YES;
				CLANG_ANALYZER_NUMBER_OBJECT_CONVERSION = YES_AGGRESSIVE;
				CLANG_CXX_LANGUAGE_STANDARD = "gnu++20";
				CLANG_ENABLE_MODULES = YES;
				CLANG_ENABLE_OBJC_ARC = YES;
				CLANG_ENABLE_OBJC_WEAK = YES;
				CLANG_WARN_BLOCK_CAPTURE_AUTORELEASING = YES;
				CLANG_WARN_BOOL_CONVERSION = YES;
				CLANG_WARN_COMMA = YES;
				CLANG_WARN_CONSTANT_CONVERSION = YES;
				CLANG_WARN_DEPRECATED_OBJC_IMPLEMENTATIONS = YES;
				CLANG_WARN_DIRECT_OBJC_ISA_USAGE = YES_ERROR;
				CLANG_WARN_DOCUMENTATION_COMMENTS = YES;
				CLANG_WARN_EMPTY_BODY = YES;
				CLANG_WARN_ENUM_CONVERSION = YES;
				CLANG_WARN_INFINITE_RECURSION = YES;
				CLANG_WARN_INT_CONVERSION = YES;
				CLANG_WARN_NON_LITERAL_NULL_CONVERSION = YES;
				CLANG_WARN_OBJC_IMPLICIT_RETAIN_SELF = YES;
				CLANG_WARN_OBJC_LITERAL_CONVERSION = YES;
				CLANG_WARN_OBJC_ROOT_CLASS = YES_ERROR;
				CLANG_WARN_QUOTED_INCLUDE_IN_FRAMEWORK_HEADER = YES;
				CLANG_WARN_RANGE_LOOP_ANALYSIS = YES;
				CLANG_WARN_STRICT_PROTOTYPES = YES;
				CLANG_WARN_SUSPICIOUS_MOVE = YES;
				CLANG_WARN_UNGUARDED_AVAILABILITY = YES_AGGRESSIVE;
				CLANG_WARN_UNREACHABLE_CODE = YES;
				CLANG_WARN__DUPLICATE_METHOD_MATCH = YES;
				COPY_PHASE_STRIP = NO;
				DEBUG_INFORMATION_FORMAT = "dwarf-with-dsym";
				ENABLE_NS_ASSERTIONS = NO;
				ENABLE_STRICT_OBJC_MSGSEND = YES;
				GCC_C_LANGUAGE_STANDARD = gnu11;
				GCC_NO_COMMON_BLOCKS = YES;
				GCC_WARN_64_TO_32_BIT_CONVERSION = YES;
				GCC_WARN_ABOUT_RETURN_TYPE = YES_ERROR;
				GCC_WARN_UNDECLARED_SELECTOR = YES;
				GCC_WARN_UNINITIALIZED_AUTOS = YES_AGGRESSIVE;
				GCC_WARN_UNUSED_FUNCTION = YES;
				GCC_WARN_UNUSED_VARIABLE = YES;
				IPHONEOS_DEPLOYMENT_TARGET = 16.4;
				MTL_ENABLE_DEBUG_INFO = NO;
				MTL_FAST_MATH = YES;
				SDKROOT = iphoneos;
				SWIFT_COMPILATION_MODE = wholemodule;
				SWIFT_OPTIMIZATION_LEVEL = "-O";
				VALIDATE_PRODUCT = YES;
			};
			name = Release;
		};
		1BF1A7E12A8E4F7D00663733 /* Debug */ = {
			isa = XCBuildConfiguration;
			buildSettings = {
				ASSETCATALOG_COMPILER_APPICON_NAME = AppIcon;
				ASSETCATALOG_COMPILER_GLOBAL_ACCENT_COLOR_NAME = AccentColor;
				CODE_SIGN_ENTITLEMENTS = LocalPass/LocalPass.entitlements;
				CODE_SIGN_IDENTITY = "Apple Development";
				CODE_SIGN_STYLE = Automatic;
				CURRENT_PROJECT_VERSION = 1;
				DEVELOPMENT_ASSET_PATHS = "\"LocalPass/Preview Content\"";
				DEVELOPMENT_TEAM = WAFD9G7398;
				ENABLE_PREVIEWS = YES;
				GENERATE_INFOPLIST_FILE = YES;
				INFOPLIST_FILE = LocalPass/Info.plist;
				INFOPLIST_KEY_UIApplicationSceneManifest_Generation = YES;
				INFOPLIST_KEY_UIApplicationSupportsIndirectInputEvents = YES;
				INFOPLIST_KEY_UILaunchScreen_Generation = YES;
				INFOPLIST_KEY_UILaunchStoryboardName = LaunchScreen.storyboard;
				INFOPLIST_KEY_UISupportedInterfaceOrientations = UIInterfaceOrientationPortrait;
				INFOPLIST_KEY_UISupportedInterfaceOrientations_iPad = "UIInterfaceOrientationLandscapeLeft UIInterfaceOrientationLandscapeRight UIInterfaceOrientationPortrait UIInterfaceOrientationPortraitUpsideDown";
				IPHONEOS_DEPLOYMENT_TARGET = 16.0;
				LD_RUNPATH_SEARCH_PATHS = (
					"$(inherited)",
					"@executable_path/Frameworks",
				);
				MARKETING_VERSION = 1.0;
				PRODUCT_BUNDLE_IDENTIFIER = com.reuben.LocalPass;
				PRODUCT_NAME = "$(TARGET_NAME)";
				PROVISIONING_PROFILE_SPECIFIER = "";
				SWIFT_EMIT_LOC_STRINGS = YES;
				SWIFT_VERSION = 5.0;
				TARGETED_DEVICE_FAMILY = "1,2";
			};
			name = Debug;
		};
		1BF1A7E22A8E4F7D00663733 /* Release */ = {
			isa = XCBuildConfiguration;
			buildSettings = {
				ASSETCATALOG_COMPILER_APPICON_NAME = AppIcon;
				ASSETCATALOG_COMPILER_GLOBAL_ACCENT_COLOR_NAME = AccentColor;
				CODE_SIGN_ENTITLEMENTS = LocalPass/LocalPass.entitlements;
				CODE_SIGN_IDENTITY = "Apple Development";
				CODE_SIGN_STYLE = Automatic;
				CURRENT_PROJECT_VERSION = 1;
				DEVELOPMENT_ASSET_PATHS = "\"LocalPass/Preview Content\"";
				DEVELOPMENT_TEAM = WAFD9G7398;
				ENABLE_PREVIEWS = YES;
				GENERATE_INFOPLIST_FILE = YES;
				INFOPLIST_FILE = LocalPass/Info.plist;
				INFOPLIST_KEY_UIApplicationSceneManifest_Generation = YES;
				INFOPLIST_KEY_UIApplicationSupportsIndirectInputEvents = YES;
				INFOPLIST_KEY_UILaunchScreen_Generation = YES;
				INFOPLIST_KEY_UILaunchStoryboardName = LaunchScreen.storyboard;
				INFOPLIST_KEY_UISupportedInterfaceOrientations = UIInterfaceOrientationPortrait;
				INFOPLIST_KEY_UISupportedInterfaceOrientations_iPad = "UIInterfaceOrientationLandscapeLeft UIInterfaceOrientationLandscapeRight UIInterfaceOrientationPortrait UIInterfaceOrientationPortraitUpsideDown";
				IPHONEOS_DEPLOYMENT_TARGET = 16.0;
				LD_RUNPATH_SEARCH_PATHS = (
					"$(inherited)",
					"@executable_path/Frameworks",
				);
				MARKETING_VERSION = 1.0;
				PRODUCT_BUNDLE_IDENTIFIER = com.reuben.LocalPass;
				PRODUCT_NAME = "$(TARGET_NAME)";
				PROVISIONING_PROFILE_SPECIFIER = "";
				SWIFT_EMIT_LOC_STRINGS = YES;
				SWIFT_VERSION = 5.0;
				TARGETED_DEVICE_FAMILY = "1,2";
			};
			name = Release;
		};
/* End XCBuildConfiguration section */

/* Begin XCConfigurationList section */
		1BF1A7CD2A8E4F7C00663733 /* Build configuration list for PBXProject "LocalPass" */ = {
			isa = XCConfigurationList;
			buildConfigurations = (
				1BF1A7DE2A8E4F7D00663733 /* Debug */,
				1BF1A7DF2A8E4F7D00663733 /* Release */,
			);
			defaultConfigurationIsVisible = 0;
			defaultConfigurationName = Release;
		};
		1BF1A7E02A8E4F7D00663733 /* Build configuration list for PBXNativeTarget "LocalPass" */ = {
			isa = XCConfigurationList;
			buildConfigurations = (
				1BF1A7E12A8E4F7D00663733 /* Debug */,
				1BF1A7E22A8E4F7D00663733 /* Release */,
			);
			defaultConfigurationIsVisible = 0;
			defaultConfigurationName = Release;
		};
/* End XCConfigurationList section */
	};
	rootObject = 1BF1A7CA2A8E4F7C00663733 /* Project object */;
}
